
Microsoft Visual Studio Solution File, Format Version 12.00
# Visual Studio Version 16
VisualStudioVersion = 16.0.31624.102
MinimumVisualStudioVersion = 10.0.40219.1
Project("{9A19103F-16F7-4668-BE54-9A1E7A4F7556}") = "Backend", "BusinessLogic\Backend.csproj", "{02F34D2B-6CBC-4E8F-8C91-C3DE18300544}"
EndProject
Project("{9A19103F-16F7-4668-BE54-9A1E7A4F7556}") = "UnitTests", "UnitTests\UnitTests.csproj", "{7F97FE8E-904E-406A-9D6E-F646004F4F16}"
EndProject
Project("{FAE04EC0-301F-11D3-BF4B-00C04F79EFBC}") = "MobileUI.Android", "MobileUI\MobileUI.Android\MobileUI.Android.csproj", "{4B08103B-0BE2-4F06-A0D8-69F0F7E0BA62}"
EndProject
Project("{FAE04EC0-301F-11D3-BF4B-00C04F79EFBC}") = "MobileUI.iOS", "MobileUI\MobileUI.iOS\MobileUI.iOS.csproj", "{4FEDA0D7-3B07-4437-9478-9F9508AB1F4B}"
EndProject
Project("{9A19103F-16F7-4668-BE54-9A1E7A4F7556}") = "MobileUI", "MobileUI\MobileUI\MobileUI.csproj", "{52954202-40F1-4F23-A765-C1825D894EFD}"
EndProject
Project("{9A19103F-16F7-4668-BE54-9A1E7A4F7556}") = "Database", "DataBase\Database.csproj", "{DDE05438-3212-4E38-99B5-031021BF0204}"
EndProject
Project("{9A19103F-16F7-4668-BE54-9A1E7A4F7556}") = "KarmaWebApi", "KarmaWebApi\KarmaWebApi.csproj", "{54190F04-2B6E-48B4-B548-36C56751B135}"
EndProject
Project("{FAE04EC0-301F-11D3-BF4B-00C04F79EFBC}") = "DataBaseTests", "DataBaseTests\DataBaseTests.csproj", "{61C1880C-C5E6-4048-ADCB-336A355494EE}"
EndProject
Global
	GlobalSection(SolutionConfigurationPlatforms) = preSolution
		Debug|Any CPU = Debug|Any CPU
		Debug|iPhone = Debug|iPhone
		Debug|iPhoneSimulator = Debug|iPhoneSimulator
		Release|Any CPU = Release|Any CPU
		Release|iPhone = Release|iPhone
		Release|iPhoneSimulator = Release|iPhoneSimulator
	EndGlobalSection
	GlobalSection(ProjectConfigurationPlatforms) = postSolution
		{02F34D2B-6CBC-4E8F-8C91-C3DE18300544}.Debug|Any CPU.ActiveCfg = Debug|Any CPU
		{02F34D2B-6CBC-4E8F-8C91-C3DE18300544}.Debug|Any CPU.Build.0 = Debug|Any CPU
		{02F34D2B-6CBC-4E8F-8C91-C3DE18300544}.Debug|iPhone.ActiveCfg = Debug|Any CPU
		{02F34D2B-6CBC-4E8F-8C91-C3DE18300544}.Debug|iPhone.Build.0 = Debug|Any CPU
		{02F34D2B-6CBC-4E8F-8C91-C3DE18300544}.Debug|iPhoneSimulator.ActiveCfg = Debug|Any CPU
		{02F34D2B-6CBC-4E8F-8C91-C3DE18300544}.Debug|iPhoneSimulator.Build.0 = Debug|Any CPU
		{02F34D2B-6CBC-4E8F-8C91-C3DE18300544}.Release|Any CPU.ActiveCfg = Release|Any CPU
		{02F34D2B-6CBC-4E8F-8C91-C3DE18300544}.Release|Any CPU.Build.0 = Release|Any CPU
		{02F34D2B-6CBC-4E8F-8C91-C3DE18300544}.Release|iPhone.ActiveCfg = Release|Any CPU
		{02F34D2B-6CBC-4E8F-8C91-C3DE18300544}.Release|iPhone.Build.0 = Release|Any CPU
		{02F34D2B-6CBC-4E8F-8C91-C3DE18300544}.Release|iPhoneSimulator.ActiveCfg = Release|Any CPU
		{02F34D2B-6CBC-4E8F-8C91-C3DE18300544}.Release|iPhoneSimulator.Build.0 = Release|Any CPU
		{7F97FE8E-904E-406A-9D6E-F646004F4F16}.Debug|Any CPU.ActiveCfg = Debug|Any CPU
		{7F97FE8E-904E-406A-9D6E-F646004F4F16}.Debug|Any CPU.Build.0 = Debug|Any CPU
		{7F97FE8E-904E-406A-9D6E-F646004F4F16}.Debug|iPhone.ActiveCfg = Debug|Any CPU
		{7F97FE8E-904E-406A-9D6E-F646004F4F16}.Debug|iPhone.Build.0 = Debug|Any CPU
		{7F97FE8E-904E-406A-9D6E-F646004F4F16}.Debug|iPhoneSimulator.ActiveCfg = Debug|Any CPU
		{7F97FE8E-904E-406A-9D6E-F646004F4F16}.Debug|iPhoneSimulator.Build.0 = Debug|Any CPU
		{7F97FE8E-904E-406A-9D6E-F646004F4F16}.Release|Any CPU.ActiveCfg = Release|Any CPU
		{7F97FE8E-904E-406A-9D6E-F646004F4F16}.Release|Any CPU.Build.0 = Release|Any CPU
		{7F97FE8E-904E-406A-9D6E-F646004F4F16}.Release|iPhone.ActiveCfg = Release|Any CPU
		{7F97FE8E-904E-406A-9D6E-F646004F4F16}.Release|iPhone.Build.0 = Release|Any CPU
		{7F97FE8E-904E-406A-9D6E-F646004F4F16}.Release|iPhoneSimulator.ActiveCfg = Release|Any CPU
		{7F97FE8E-904E-406A-9D6E-F646004F4F16}.Release|iPhoneSimulator.Build.0 = Release|Any CPU
		{4B08103B-0BE2-4F06-A0D8-69F0F7E0BA62}.Debug|Any CPU.ActiveCfg = Debug|Any CPU
		{4B08103B-0BE2-4F06-A0D8-69F0F7E0BA62}.Debug|Any CPU.Build.0 = Debug|Any CPU
		{4B08103B-0BE2-4F06-A0D8-69F0F7E0BA62}.Debug|Any CPU.Deploy.0 = Debug|Any CPU
		{4B08103B-0BE2-4F06-A0D8-69F0F7E0BA62}.Debug|iPhone.ActiveCfg = Debug|Any CPU
		{4B08103B-0BE2-4F06-A0D8-69F0F7E0BA62}.Debug|iPhone.Build.0 = Debug|Any CPU
		{4B08103B-0BE2-4F06-A0D8-69F0F7E0BA62}.Debug|iPhone.Deploy.0 = Debug|Any CPU
		{4B08103B-0BE2-4F06-A0D8-69F0F7E0BA62}.Debug|iPhoneSimulator.ActiveCfg = Debug|Any CPU
		{4B08103B-0BE2-4F06-A0D8-69F0F7E0BA62}.Debug|iPhoneSimulator.Build.0 = Debug|Any CPU
		{4B08103B-0BE2-4F06-A0D8-69F0F7E0BA62}.Debug|iPhoneSimulator.Deploy.0 = Debug|Any CPU
		{4B08103B-0BE2-4F06-A0D8-69F0F7E0BA62}.Release|Any CPU.ActiveCfg = Release|Any CPU
		{4B08103B-0BE2-4F06-A0D8-69F0F7E0BA62}.Release|Any CPU.Build.0 = Release|Any CPU
		{4B08103B-0BE2-4F06-A0D8-69F0F7E0BA62}.Release|Any CPU.Deploy.0 = Release|Any CPU
		{4B08103B-0BE2-4F06-A0D8-69F0F7E0BA62}.Release|iPhone.ActiveCfg = Release|Any CPU
		{4B08103B-0BE2-4F06-A0D8-69F0F7E0BA62}.Release|iPhone.Build.0 = Release|Any CPU
		{4B08103B-0BE2-4F06-A0D8-69F0F7E0BA62}.Release|iPhone.Deploy.0 = Release|Any CPU
		{4B08103B-0BE2-4F06-A0D8-69F0F7E0BA62}.Release|iPhoneSimulator.ActiveCfg = Release|Any CPU
		{4B08103B-0BE2-4F06-A0D8-69F0F7E0BA62}.Release|iPhoneSimulator.Build.0 = Release|Any CPU
		{4B08103B-0BE2-4F06-A0D8-69F0F7E0BA62}.Release|iPhoneSimulator.Deploy.0 = Release|Any CPU
		{4FEDA0D7-3B07-4437-9478-9F9508AB1F4B}.Debug|Any CPU.ActiveCfg = Debug|iPhoneSimulator
		{4FEDA0D7-3B07-4437-9478-9F9508AB1F4B}.Debug|iPhone.ActiveCfg = Debug|iPhone
		{4FEDA0D7-3B07-4437-9478-9F9508AB1F4B}.Debug|iPhone.Build.0 = Debug|iPhone
		{4FEDA0D7-3B07-4437-9478-9F9508AB1F4B}.Debug|iPhoneSimulator.ActiveCfg = Debug|iPhoneSimulator
		{4FEDA0D7-3B07-4437-9478-9F9508AB1F4B}.Debug|iPhoneSimulator.Build.0 = Debug|iPhoneSimulator
		{4FEDA0D7-3B07-4437-9478-9F9508AB1F4B}.Release|Any CPU.ActiveCfg = Release|iPhoneSimulator
		{4FEDA0D7-3B07-4437-9478-9F9508AB1F4B}.Release|iPhone.ActiveCfg = Release|iPhone
		{4FEDA0D7-3B07-4437-9478-9F9508AB1F4B}.Release|iPhone.Build.0 = Release|iPhone
		{4FEDA0D7-3B07-4437-9478-9F9508AB1F4B}.Release|iPhoneSimulator.ActiveCfg = Release|iPhoneSimulator
		{4FEDA0D7-3B07-4437-9478-9F9508AB1F4B}.Release|iPhoneSimulator.Build.0 = Release|iPhoneSimulator
		{52954202-40F1-4F23-A765-C1825D894EFD}.Debug|Any CPU.ActiveCfg = Debug|Any CPU
		{52954202-40F1-4F23-A765-C1825D894EFD}.Debug|Any CPU.Build.0 = Debug|Any CPU
		{52954202-40F1-4F23-A765-C1825D894EFD}.Debug|iPhone.ActiveCfg = Debug|Any CPU
		{52954202-40F1-4F23-A765-C1825D894EFD}.Debug|iPhone.Build.0 = Debug|Any CPU
		{52954202-40F1-4F23-A765-C1825D894EFD}.Debug|iPhoneSimulator.ActiveCfg = Debug|Any CPU
		{52954202-40F1-4F23-A765-C1825D894EFD}.Debug|iPhoneSimulator.Build.0 = Debug|Any CPU
		{52954202-40F1-4F23-A765-C1825D894EFD}.Release|Any CPU.ActiveCfg = Release|Any CPU
		{52954202-40F1-4F23-A765-C1825D894EFD}.Release|Any CPU.Build.0 = Release|Any CPU
		{52954202-40F1-4F23-A765-C1825D894EFD}.Release|iPhone.ActiveCfg = Release|Any CPU
		{52954202-40F1-4F23-A765-C1825D894EFD}.Release|iPhone.Build.0 = Release|Any CPU
		{52954202-40F1-4F23-A765-C1825D894EFD}.Release|iPhoneSimulator.ActiveCfg = Release|Any CPU
		{52954202-40F1-4F23-A765-C1825D894EFD}.Release|iPhoneSimulator.Build.0 = Release|Any CPU
		{DDE05438-3212-4E38-99B5-031021BF0204}.Debug|Any CPU.ActiveCfg = Debug|Any CPU
		{DDE05438-3212-4E38-99B5-031021BF0204}.Debug|Any CPU.Build.0 = Debug|Any CPU
		{DDE05438-3212-4E38-99B5-031021BF0204}.Debug|iPhone.ActiveCfg = Debug|Any CPU
		{DDE05438-3212-4E38-99B5-031021BF0204}.Debug|iPhone.Build.0 = Debug|Any CPU
		{DDE05438-3212-4E38-99B5-031021BF0204}.Debug|iPhoneSimulator.ActiveCfg = Debug|Any CPU
		{DDE05438-3212-4E38-99B5-031021BF0204}.Debug|iPhoneSimulator.Build.0 = Debug|Any CPU
		{DDE05438-3212-4E38-99B5-031021BF0204}.Release|Any CPU.ActiveCfg = Release|Any CPU
		{DDE05438-3212-4E38-99B5-031021BF0204}.Release|Any CPU.Build.0 = Release|Any CPU
		{DDE05438-3212-4E38-99B5-031021BF0204}.Release|iPhone.ActiveCfg = Release|Any CPU
		{DDE05438-3212-4E38-99B5-031021BF0204}.Release|iPhone.Build.0 = Release|Any CPU
		{DDE05438-3212-4E38-99B5-031021BF0204}.Release|iPhoneSimulator.ActiveCfg = Release|Any CPU
		{DDE05438-3212-4E38-99B5-031021BF0204}.Release|iPhoneSimulator.Build.0 = Release|Any CPU
		{54190F04-2B6E-48B4-B548-36C56751B135}.Debug|Any CPU.ActiveCfg = Debug|Any CPU
		{54190F04-2B6E-48B4-B548-36C56751B135}.Debug|Any CPU.Build.0 = Debug|Any CPU
		{54190F04-2B6E-48B4-B548-36C56751B135}.Debug|iPhone.ActiveCfg = Debug|Any CPU
		{54190F04-2B6E-48B4-B548-36C56751B135}.Debug|iPhone.Build.0 = Debug|Any CPU
		{54190F04-2B6E-48B4-B548-36C56751B135}.Debug|iPhoneSimulator.ActiveCfg = Debug|Any CPU
		{54190F04-2B6E-48B4-B548-36C56751B135}.Debug|iPhoneSimulator.Build.0 = Debug|Any CPU
		{54190F04-2B6E-48B4-B548-36C56751B135}.Release|Any CPU.ActiveCfg = Release|Any CPU
		{54190F04-2B6E-48B4-B548-36C56751B135}.Release|Any CPU.Build.0 = Release|Any CPU
		{54190F04-2B6E-48B4-B548-36C56751B135}.Release|iPhone.ActiveCfg = Release|Any CPU
		{54190F04-2B6E-48B4-B548-36C56751B135}.Release|iPhone.Build.0 = Release|Any CPU
		{54190F04-2B6E-48B4-B548-36C56751B135}.Release|iPhoneSimulator.ActiveCfg = Release|Any CPU
		{54190F04-2B6E-48B4-B548-36C56751B135}.Release|iPhoneSimulator.Build.0 = Release|Any CPU
		{61C1880C-C5E6-4048-ADCB-336A355494EE}.Debug|Any CPU.ActiveCfg = Debug|Any CPU
		{61C1880C-C5E6-4048-ADCB-336A355494EE}.Debug|Any CPU.Build.0 = Debug|Any CPU
		{61C1880C-C5E6-4048-ADCB-336A355494EE}.Debug|iPhone.ActiveCfg = Debug|Any CPU
		{61C1880C-C5E6-4048-ADCB-336A355494EE}.Debug|iPhone.Build.0 = Debug|Any CPU
		{61C1880C-C5E6-4048-ADCB-336A355494EE}.Debug|iPhoneSimulator.ActiveCfg = Debug|Any CPU
		{61C1880C-C5E6-4048-ADCB-336A355494EE}.Debug|iPhoneSimulator.Build.0 = Debug|Any CPU
		{61C1880C-C5E6-4048-ADCB-336A355494EE}.Release|Any CPU.ActiveCfg = Release|Any CPU
		{61C1880C-C5E6-4048-ADCB-336A355494EE}.Release|Any CPU.Build.0 = Release|Any CPU
		{61C1880C-C5E6-4048-ADCB-336A355494EE}.Release|iPhone.ActiveCfg = Release|Any CPU
		{61C1880C-C5E6-4048-ADCB-336A355494EE}.Release|iPhone.Build.0 = Release|Any CPU
		{61C1880C-C5E6-4048-ADCB-336A355494EE}.Release|iPhoneSimulator.ActiveCfg = Release|Any CPU
		{61C1880C-C5E6-4048-ADCB-336A355494EE}.Release|iPhoneSimulator.Build.0 = Release|Any CPU
	EndGlobalSection
	GlobalSection(SolutionProperties) = preSolution
		HideSolutionNode = FALSE
	EndGlobalSection
	GlobalSection(ExtensibilityGlobals) = postSolution
		SolutionGuid = {744BC378-8FB0-4BF4-8B9D-D619C08EF459}
	EndGlobalSection
EndGlobal
